// !$*UTF8*$!
{
	archiveVersion = 1;
	classes = {
	};
	objectVersion = 47;
	objects = {

/* Begin PBXBuildFile section */
		CE01726E1C65600400E2AA2F /* AppDelegate.swift in Sources */ = {isa = PBXBuildFile; fileRef = CE01726D1C65600400E2AA2F /* AppDelegate.swift */; };
		CE0172701C65600400E2AA2F /* ViewController.swift in Sources */ = {isa = PBXBuildFile; fileRef = CE01726F1C65600400E2AA2F /* ViewController.swift */; };
		CE0172731C65600400E2AA2F /* Main.storyboard in Resources */ = {isa = PBXBuildFile; fileRef = CE0172711C65600400E2AA2F /* Main.storyboard */; };
		CE0172751C65600400E2AA2F /* Assets.xcassets in Resources */ = {isa = PBXBuildFile; fileRef = CE0172741C65600400E2AA2F /* Assets.xcassets */; };
		CE0172781C65600400E2AA2F /* LaunchScreen.storyboard in Resources */ = {isa = PBXBuildFile; fileRef = CE0172761C65600400E2AA2F /* LaunchScreen.storyboard */; };
		CE0172831C65600500E2AA2F /* TemperatureTests.swift in Sources */ = {isa = PBXBuildFile; fileRef = CE0172821C65600500E2AA2F /* TemperatureTests.swift */; };
		CE01728E1C65600500E2AA2F /* TemperatureUITests.swift in Sources */ = {isa = PBXBuildFile; fileRef = CE01728D1C65600500E2AA2F /* TemperatureUITests.swift */; };
/* End PBXBuildFile section */

/* Begin PBXContainerItemProxy section */
		CE01727F1C65600500E2AA2F /* PBXContainerItemProxy */ = {
			isa = PBXContainerItemProxy;
			containerPortal = CE0172621C65600400E2AA2F /* Project object */;
			proxyType = 1;
			remoteGlobalIDString = CE0172691C65600400E2AA2F;
			remoteInfo = Temperature;
		};
		CE01728A1C65600500E2AA2F /* PBXContainerItemProxy */ = {
			isa = PBXContainerItemProxy;
			containerPortal = CE0172621C65600400E2AA2F /* Project object */;
			proxyType = 1;
			remoteGlobalIDString = CE0172691C65600400E2AA2F;
			remoteInfo = Temperature;
		};
/* End PBXContainerItemProxy section */

/* Begin PBXFileReference section */
		CE01726A1C65600400E2AA2F /* Temperature.app */ = {isa = PBXFileReference; explicitFileType = wrapper.application; includeInIndex = 0; path = Temperature.app; sourceTree = BUILT_PRODUCTS_DIR; };
		CE01726D1C65600400E2AA2F /* AppDelegate.swift */ = {isa = PBXFileReference; lastKnownFileType = sourcecode.swift; path = AppDelegate.swift; sourceTree = "<group>"; };
		CE01726F1C65600400E2AA2F /* ViewController.swift */ = {isa = PBXFileReference; lastKnownFileType = sourcecode.swift; path = ViewController.swift; sourceTree = "<group>"; };
		CE0172721C65600400E2AA2F /* Base */ = {isa = PBXFileReference; lastKnownFileType = file.storyboard; name = Base; path = Base.lproj/Main.storyboard; sourceTree = "<group>"; };
		CE0172741C65600400E2AA2F /* Assets.xcassets */ = {isa = PBXFileReference; lastKnownFileType = folder.assetcatalog; path = Assets.xcassets; sourceTree = "<group>"; };
		CE0172771C65600400E2AA2F /* Base */ = {isa = PBXFileReference; lastKnownFileType = file.storyboard; name = Base; path = Base.lproj/LaunchScreen.storyboard; sourceTree = "<group>"; };
		CE0172791C65600400E2AA2F /* Info.plist */ = {isa = PBXFileReference; lastKnownFileType = text.plist.xml; path = Info.plist; sourceTree = "<group>"; };
		CE01727E1C65600500E2AA2F /* TemperatureTests.xctest */ = {isa = PBXFileReference; explicitFileType = wrapper.cfbundle; includeInIndex = 0; path = TemperatureTests.xctest; sourceTree = BUILT_PRODUCTS_DIR; };
		CE0172821C65600500E2AA2F /* TemperatureTests.swift */ = {isa = PBXFileReference; lastKnownFileType = sourcecode.swift; path = TemperatureTests.swift; sourceTree = "<group>"; };
		CE0172841C65600500E2AA2F /* Info.plist */ = {isa = PBXFileReference; lastKnownFileType = text.plist.xml; path = Info.plist; sourceTree = "<group>"; };
		CE0172891C65600500E2AA2F /* TemperatureUITests.xctest */ = {isa = PBXFileReference; explicitFileType = wrapper.cfbundle; includeInIndex = 0; path = TemperatureUITests.xctest; sourceTree = BUILT_PRODUCTS_DIR; };
		CE01728D1C65600500E2AA2F /* TemperatureUITests.swift */ = {isa = PBXFileReference; lastKnownFileType = sourcecode.swift; path = TemperatureUITests.swift; sourceTree = "<group>"; };
		CE01728F1C65600500E2AA2F /* Info.plist */ = {isa = PBXFileReference; lastKnownFileType = text.plist.xml; path = Info.plist; sourceTree = "<group>"; };
/* End PBXFileReference section */

/* Begin PBXFrameworksBuildPhase section */
		CE0172671C65600400E2AA2F /* Frameworks */ = {
			isa = PBXFrameworksBuildPhase;
			buildActionMask = 2147483647;
			files = (
			);
			runOnlyForDeploymentPostprocessing = 0;
		};
		CE01727B1C65600500E2AA2F /* Frameworks */ = {
			isa = PBXFrameworksBuildPhase;
			buildActionMask = 2147483647;
			files = (
			);
			runOnlyForDeploymentPostprocessing = 0;
		};
		CE0172861C65600500E2AA2F /* Frameworks */ = {
			isa = PBXFrameworksBuildPhase;
			buildActionMask = 2147483647;
			files = (
			);
			runOnlyForDeploymentPostprocessing = 0;
		};
/* End PBXFrameworksBuildPhase section */

/* Begin PBXGroup section */
		CE0172611C65600400E2AA2F = {
			isa = PBXGroup;
			children = (
				CE01726C1C65600400E2AA2F /* Temperature */,
				CE0172811C65600500E2AA2F /* TemperatureTests */,
				CE01728C1C65600500E2AA2F /* TemperatureUITests */,
				CE01726B1C65600400E2AA2F /* Products */,
			);
			sourceTree = "<group>";
		};
		CE01726B1C65600400E2AA2F /* Products */ = {
			isa = PBXGroup;
			children = (
				CE01726A1C65600400E2AA2F /* Temperature.app */,
				CE01727E1C65600500E2AA2F /* TemperatureTests.xctest */,
				CE0172891C65600500E2AA2F /* TemperatureUITests.xctest */,
			);
			name = Products;
			sourceTree = "<group>";
		};
		CE01726C1C65600400E2AA2F /* Temperature */ = {
			isa = PBXGroup;
			children = (
				CE01726D1C65600400E2AA2F /* AppDelegate.swift */,
				CE01726F1C65600400E2AA2F /* ViewController.swift */,
				CE0172711C65600400E2AA2F /* Main.storyboard */,
				CE0172741C65600400E2AA2F /* Assets.xcassets */,
				CE0172761C65600400E2AA2F /* LaunchScreen.storyboard */,
				CE0172791C65600400E2AA2F /* Info.plist */,
			);
			path = Temperature;
			sourceTree = "<group>";
		};
		CE0172811C65600500E2AA2F /* TemperatureTests */ = {
			isa = PBXGroup;
			children = (
				CE0172821C65600500E2AA2F /* TemperatureTests.swift */,
				CE0172841C65600500E2AA2F /* Info.plist */,
			);
			path = TemperatureTests;
			sourceTree = "<group>";
		};
		CE01728C1C65600500E2AA2F /* TemperatureUITests */ = {
			isa = PBXGroup;
			children = (
				CE01728D1C65600500E2AA2F /* TemperatureUITests.swift */,
				CE01728F1C65600500E2AA2F /* Info.plist */,
			);
			path = TemperatureUITests;
			sourceTree = "<group>";
		};
/* End PBXGroup section */

/* Begin PBXNativeTarget section */
		CE0172691C65600400E2AA2F /* Temperature */ = {
			isa = PBXNativeTarget;
			buildConfigurationList = CE0172921C65600500E2AA2F /* Build configuration list for PBXNativeTarget "Temperature" */;
			buildPhases = (
				CE0172661C65600400E2AA2F /* Sources */,
				CE0172671C65600400E2AA2F /* Frameworks */,
				CE0172681C65600400E2AA2F /* Resources */,
			);
			buildRules = (
			);
			dependencies = (
			);
			name = Temperature;
			productName = Temperature;
			productReference = CE01726A1C65600400E2AA2F /* Temperature.app */;
			productType = "com.apple.product-type.application";
		};
		CE01727D1C65600500E2AA2F /* TemperatureTests */ = {
			isa = PBXNativeTarget;
			buildConfigurationList = CE0172951C65600500E2AA2F /* Build configuration list for PBXNativeTarget "TemperatureTests" */;
			buildPhases = (
				CE01727A1C65600500E2AA2F /* Sources */,
				CE01727B1C65600500E2AA2F /* Frameworks */,
				CE01727C1C65600500E2AA2F /* Resources */,
			);
			buildRules = (
			);
			dependencies = (
				CE0172801C65600500E2AA2F /* PBXTargetDependency */,
			);
			name = TemperatureTests;
			productName = TemperatureTests;
			productReference = CE01727E1C65600500E2AA2F /* TemperatureTests.xctest */;
			productType = "com.apple.product-type.bundle.unit-test";
		};
		CE0172881C65600500E2AA2F /* TemperatureUITests */ = {
			isa = PBXNativeTarget;
			buildConfigurationList = CE0172981C65600500E2AA2F /* Build configuration list for PBXNativeTarget "TemperatureUITests" */;
			buildPhases = (
				CE0172851C65600500E2AA2F /* Sources */,
				CE0172861C65600500E2AA2F /* Frameworks */,
				CE0172871C65600500E2AA2F /* Resources */,
			);
			buildRules = (
			);
			dependencies = (
				CE01728B1C65600500E2AA2F /* PBXTargetDependency */,
			);
			name = TemperatureUITests;
			productName = TemperatureUITests;
			productReference = CE0172891C65600500E2AA2F /* TemperatureUITests.xctest */;
			productType = "com.apple.product-type.bundle.ui-testing";
		};
/* End PBXNativeTarget section */

/* Begin PBXProject section */
		CE0172621C65600400E2AA2F /* Project object */ = {
			isa = PBXProject;
			attributes = {
				LastSwiftUpdateCheck = 0720;
				LastUpgradeCheck = 0720;
				ORGANIZATIONNAME = "Nokhwal,Sahil";
				TargetAttributes = {
					CE0172691C65600400E2AA2F = {
						CreatedOnToolsVersion = 7.2;
					};
					CE01727D1C65600500E2AA2F = {
						CreatedOnToolsVersion = 7.2;
						TestTargetID = CE0172691C65600400E2AA2F;
					};
					CE0172881C65600500E2AA2F = {
						CreatedOnToolsVersion = 7.2;
						TestTargetID = CE0172691C65600400E2AA2F;
					};
				};
			};
			buildConfigurationList = CE0172651C65600400E2AA2F /* Build configuration list for PBXProject "Temperature" */;
			compatibilityVersion = "Xcode 6.3";
			developmentRegion = English;
			hasScannedForEncodings = 0;
			knownRegions = (
				en,
				Base,
			);
			mainGroup = CE0172611C65600400E2AA2F;
			productRefGroup = CE01726B1C65600400E2AA2F /* Products */;
			projectDirPath = "";
			projectRoot = "";
			targets = (
				CE0172691C65600400E2AA2F /* Temperature */,
				CE01727D1C65600500E2AA2F /* TemperatureTests */,
				CE0172881C65600500E2AA2F /* TemperatureUITests */,
			);
		};
/* End PBXProject section */

/* Begin PBXResourcesBuildPhase section */
		CE0172681C65600400E2AA2F /* Resources */ = {
			isa = PBXResourcesBuildPhase;
			buildActionMask = 2147483647;
			files = (
				CE0172781C65600400E2AA2F /* LaunchScreen.storyboard in Resources */,
				CE0172751C65600400E2AA2F /* Assets.xcassets in Resources */,
				CE0172731C65600400E2AA2F /* Main.storyboard in Resources */,
			);
			runOnlyForDeploymentPostprocessing = 0;
		};
		CE01727C1C65600500E2AA2F /* Resources */ = {
			isa = PBXResourcesBuildPhase;
			buildActionMask = 2147483647;
			files = (
			);
			runOnlyForDeploymentPostprocessing = 0;
		};
		CE0172871C65600500E2AA2F /* Resources */ = {
			isa = PBXResourcesBuildPhase;
			buildActionMask = 2147483647;
			files = (
			);
			runOnlyForDeploymentPostprocessing = 0;
		};
/* End PBXResourcesBuildPhase section */

/* Begin PBXSourcesBuildPhase section */
		CE0172661C65600400E2AA2F /* Sources */ = {
			isa = PBXSourcesBuildPhase;
			buildActionMask = 2147483647;
			files = (
				CE0172701C65600400E2AA2F /* ViewController.swift in Sources */,
				CE01726E1C65600400E2AA2F /* AppDelegate.swift in Sources */,
			);
			runOnlyForDeploymentPostprocessing = 0;
		};
		CE01727A1C65600500E2AA2F /* Sources */ = {
			isa = PBXSourcesBuildPhase;
			buildActionMask = 2147483647;
			files = (
				CE0172831C65600500E2AA2F /* TemperatureTests.swift in Sources */,
			);
			runOnlyForDeploymentPostprocessing = 0;
		};
		CE0172851C65600500E2AA2F /* Sources */ = {
			isa = PBXSourcesBuildPhase;
			buildActionMask = 2147483647;
			files = (
				CE01728E1C65600500E2AA2F /* TemperatureUITests.swift in Sources */,
			);
			runOnlyForDeploymentPostprocessing = 0;
		};
/* End PBXSourcesBuildPhase section */

/* Begin PBXTargetDependency section */
		CE0172801C65600500E2AA2F /* PBXTargetDependency */ = {
			isa = PBXTargetDependency;
			target = CE0172691C65600400E2AA2F /* Temperature */;
			targetProxy = CE01727F1C65600500E2AA2F /* PBXContainerItemProxy */;
		};
		CE01728B1C65600500E2AA2F /* PBXTargetDependency */ = {
			isa = PBXTargetDependency;
			target = CE0172691C65600400E2AA2F /* Temperature */;
			targetProxy = CE01728A1C65600500E2AA2F /* PBXContainerItemProxy */;
		};
/* End PBXTargetDependency section */

/* Begin PBXVariantGroup section */
		CE0172711C65600400E2AA2F /* Main.storyboard */ = {
			isa = PBXVariantGroup;
			children = (
				CE0172721C65600400E2AA2F /* Base */,
			);
			name = Main.storyboard;
			sourceTree = "<group>";
		};
		CE0172761C65600400E2AA2F /* LaunchScreen.storyboard */ = {
			isa = PBXVariantGroup;
			children = (
				CE0172771C65600400E2AA2F /* Base */,
			);
			name = LaunchScreen.storyboard;
			sourceTree = "<group>";
		};
/* End PBXVariantGroup section */

/* Begin XCBuildConfiguration section */
		CE0172901C65600500E2AA2F /* Debug */ = {
			isa = XCBuildConfiguration;
			buildSettings = {
				ALWAYS_SEARCH_USER_PATHS = NO;
				CLANG_CXX_LANGUAGE_STANDARD = "gnu++0x";
				CLANG_CXX_LIBRARY = "libc++";
				CLANG_ENABLE_MODULES = YES;
				CLANG_ENABLE_OBJC_ARC = YES;
				CLANG_WARN_BOOL_CONVERSION = YES;
				CLANG_WARN_CONSTANT_CONVERSION = YES;
				CLANG_WARN_DIRECT_OBJC_ISA_USAGE = YES_ERROR;
				CLANG_WARN_EMPTY_BODY = YES;
				CLANG_WARN_ENUM_CONVERSION = YES;
				CLANG_WARN_INT_CONVERSION = YES;
				CLANG_WARN_OBJC_ROOT_CLASS = YES_ERROR;
				CLANG_WARN_UNREACHABLE_CODE = YES;
				CLANG_WARN__DUPLICATE_METHOD_MATCH = YES;
				"CODE_SIGN_IDENTITY[sdk=iphoneos*]" = "iPhone Developer";
				COPY_PHASE_STRIP = NO;
				DEBUG_INFORMATION_FORMAT = dwarf;
				ENABLE_STRICT_OBJC_MSGSEND = YES;
				ENABLE_TESTABILITY = YES;
				GCC_C_LANGUAGE_STANDARD = gnu99;
				GCC_DYNAMIC_NO_PIC = NO;
				GCC_NO_COMMON_BLOCKS = YES;
				GCC_OPTIMIZATION_LEVEL = 0;
				GCC_PREPROCESSOR_DEFINITIONS = (
					"DEBUG=1",
					"$(inherited)",
				);
				GCC_WARN_64_TO_32_BIT_CONVERSION = YES;
				GCC_WARN_ABOUT_RETURN_TYPE = YES_ERROR;
				GCC_WARN_UNDECLARED_SELECTOR = YES;
				GCC_WARN_UNINITIALIZED_AUTOS = YES_AGGRESSIVE;
				GCC_WARN_UNUSED_FUNCTION = YES;
				GCC_WARN_UNUSED_VARIABLE = YES;
				IPHONEOS_DEPLOYMENT_TARGET = 9.2;
				MTL_ENABLE_DEBUG_INFO = YES;
				ONLY_ACTIVE_ARCH = YES;
				SDKROOT = iphoneos;
				SWIFT_OPTIMIZATION_LEVEL = "-Onone";
				TARGETED_DEVICE_FAMILY = "1,2";
			};
			name = Debug;
		};
		CE0172911C65600500E2AA2F /* Release */ = {
			isa = XCBuildConfiguration;
			buildSettings = {
				ALWAYS_SEARCH_USER_PATHS = NO;
				CLANG_CXX_LANGUAGE_STANDARD = "gnu++0x";
				CLANG_CXX_LIBRARY = "libc++";
				CLANG_ENABLE_MODULES = YES;
				CLANG_ENABLE_OBJC_ARC = YES;
				CLANG_WARN_BOOL_CONVERSION = YES;
				CLANG_WARN_CONSTANT_CONVERSION = YES;
				CLANG_WARN_DIRECT_OBJC_ISA_USAGE = YES_ERROR;
				CLANG_WARN_EMPTY_BODY = YES;
				CLANG_WARN_ENUM_CONVERSION = YES;
				CLANG_WARN_INT_CONVERSION = YES;
				CLANG_WARN_OBJC_ROOT_CLASS = YES_ERROR;
				CLANG_WARN_UNREACHABLE_CODE = YES;
				CLANG_WARN__DUPLICATE_METHOD_MATCH = YES;
				"CODE_SIGN_IDENTITY[sdk=iphoneos*]" = "iPhone Developer";
				COPY_PHASE_STRIP = NO;
				DEBUG_INFORMATION_FORMAT = "dwarf-with-dsym";
				ENABLE_NS_ASSERTIONS = NO;
				ENABLE_STRICT_OBJC_MSGSEND = YES;
				GCC_C_LANGUAGE_STANDARD = gnu99;
				GCC_NO_COMMON_BLOCKS = YES;
				GCC_WARN_64_TO_32_BIT_CONVERSION = YES;
				GCC_WARN_ABOUT_RETURN_TYPE = YES_ERROR;
				GCC_WARN_UNDECLARED_SELECTOR = YES;
				GCC_WARN_UNINITIALIZED_AUTOS = YES_AGGRESSIVE;
				GCC_WARN_UNUSED_FUNCTION = YES;
				GCC_WARN_UNUSED_VARIABLE = YES;
				IPHONEOS_DEPLOYMENT_TARGET = 9.2;
				MTL_ENABLE_DEBUG_INFO = NO;
				SDKROOT = iphoneos;
				TARGETED_DEVICE_FAMILY = "1,2";
				VALIDATE_PRODUCT = YES;
			};
			name = Release;
		};
		CE0172931C65600500E2AA2F /* Debug */ = {
			isa = XCBuildConfiguration;
			buildSettings = {
				ASSETCATALOG_COMPILER_APPICON_NAME = AppIcon;
				INFOPLIST_FILE = Temperature/Info.plist;
				LD_RUNPATH_SEARCH_PATHS = "$(inherited) @executable_path/Frameworks";
				PRODUCT_BUNDLE_IDENTIFIER = NW.Temperature;
				PRODUCT_NAME = "$(TARGET_NAME)";
				TARGETED_DEVICE_FAMILY = 1;
			};
			name = Debug;
		};
		CE0172941C65600500E2AA2F /* Release */ = {
			isa = XCBuildConfiguration;
			buildSettings = {
				ASSETCATALOG_COMPILER_APPICON_NAME = AppIcon;
				INFOPLIST_FILE = Temperature/Info.plist;
				LD_RUNPATH_SEARCH_PATHS = "$(inherited) @executable_path/Frameworks";
				PRODUCT_BUNDLE_IDENTIFIER = NW.Temperature;
				PRODUCT_NAME = "$(TARGET_NAME)";
				TARGETED_DEVICE_FAMILY = 1;
			};
			name = Release;
		};
		CE0172961C65600500E2AA2F /* Debug */ = {
			isa = XCBuildConfiguration;
			buildSettings = {
				BUNDLE_LOADER = "$(TEST_HOST)";
				INFOPLIST_FILE = TemperatureTests/Info.plist;
				LD_RUNPATH_SEARCH_PATHS = "$(inherited) @executable_path/Frameworks @loader_path/Frameworks";
				PRODUCT_BUNDLE_IDENTIFIER = NW.TemperatureTests;
				PRODUCT_NAME = "$(TARGET_NAME)";
				TEST_HOST = "$(BUILT_PRODUCTS_DIR)/Temperature.app/Temperature";
			};
			name = Debug;
		};
		CE0172971C65600500E2AA2F /* Release */ = {
			isa = XCBuildConfiguration;
			buildSettings = {
				BUNDLE_LOADER = "$(TEST_HOST)";
				INFOPLIST_FILE = TemperatureTests/Info.plist;
				LD_RUNPATH_SEARCH_PATHS = "$(inherited) @executable_path/Frameworks @loader_path/Frameworks";
				PRODUCT_BUNDLE_IDENTIFIER = NW.TemperatureTests;
				PRODUCT_NAME = "$(TARGET_NAME)";
				TEST_HOST = "$(BUILT_PRODUCTS_DIR)/Temperature.app/Temperature";
			};
			name = Release;
		};
		CE0172991C65600500E2AA2F /* Debug */ = {
			isa = XCBuildConfiguration;
			buildSettings = {
				INFOPLIST_FILE = TemperatureUITests/Info.plist;
				LD_RUNPATH_SEARCH_PATHS = "$(inherited) @executable_path/Frameworks @loader_path/Frameworks";
				PRODUCT_BUNDLE_IDENTIFIER = NW.TemperatureUITests;
				PRODUCT_NAME = "$(TARGET_NAME)";
				TEST_TARGET_NAME = Temperature;
				USES_XCTRUNNER = YES;
			};
			name = Debug;
		};
		CE01729A1C65600500E2AA2F /* Release */ = {
			isa = XCBuildConfiguration;
			buildSettings = {
				INFOPLIST_FILE = TemperatureUITests/Info.plist;
				LD_RUNPATH_SEARCH_PATHS = "$(inherited) @executable_path/Frameworks @loader_path/Frameworks";
				PRODUCT_BUNDLE_IDENTIFIER = NW.TemperatureUITests;
				PRODUCT_NAME = "$(TARGET_NAME)";
				TEST_TARGET_NAME = Temperature;
				USES_XCTRUNNER = YES;
			};
			name = Release;
		};
/* End XCBuildConfiguration section */

/* Begin XCConfigurationList section */
		CE0172651C65600400E2AA2F /* Build configuration list for PBXProject "Temperature" */ = {
			isa = XCConfigurationList;
			buildConfigurations = (
				CE0172901C65600500E2AA2F /* Debug */,
				CE0172911C65600500E2AA2F /* Release */,
			);
			defaultConfigurationIsVisible = 0;
			defaultConfigurationName = Release;
		};
		CE0172921C65600500E2AA2F /* Build configuration list for PBXNativeTarget "Temperature" */ = {
			isa = XCConfigurationList;
			buildConfigurations = (
				CE0172931C65600500E2AA2F /* Debug */,
				CE0172941C65600500E2AA2F /* Release */,
			);
			defaultConfigurationIsVisible = 0;
			defaultConfigurationName = Release;
		};
		CE0172951C65600500E2AA2F /* Build configuration list for PBXNativeTarget "TemperatureTests" */ = {
			isa = XCConfigurationList;
			buildConfigurations = (
				CE0172961C65600500E2AA2F /* Debug */,
				CE0172971C65600500E2AA2F /* Release */,
			);
			defaultConfigurationIsVisible = 0;
			defaultConfigurationName = Release;
		};
		CE0172981C65600500E2AA2F /* Build configuration list for PBXNativeTarget "TemperatureUITests" */ = {
			isa = XCConfigurationList;
			buildConfigurations = (
				CE0172991C65600500E2AA2F /* Debug */,
				CE01729A1C65600500E2AA2F /* Release */,
			);
			defaultConfigurationIsVisible = 0;
			defaultConfigurationName = Release;
		};
/* End XCConfigurationList section */
	};
	rootObject = CE0172621C65600400E2AA2F /* Project object */;
}
